
Microsoft Visual Studio Solution File, Format Version 12.00
# Visual Studio Version 17
VisualStudioVersion = 17.9.34728.123
MinimumVisualStudioVersion = 10.0.40219.1
Project("{9A19103F-16F7-4668-BE54-9A1E7A4F7556}") = "GerenciamentoDeBiblioteca", "GerenciamentoDeBiblioteca\GerenciamentoDeBiblioteca.csproj", "{C1DBF47B-1886-4744-8634-742764F28E77}"
EndProject
Project("{9A19103F-16F7-4668-BE54-9A1E7A4F7556}") = "GerenciamentoDeBiblioteca_infra", "GerenciamentoDeBiblioteca_infra\GerenciamentoDeBiblioteca_infra.csproj", "{A6DD12FA-EF9B-44EB-BF82-53290D94F998}"
EndProject
Project("{9A19103F-16F7-4668-BE54-9A1E7A4F7556}") = "GerenciamentoDeBiblioteca_core", "GerenciamentoDeBiblioteca_core\GerenciamentoDeBiblioteca_core.csproj", "{3870D2EB-8EE4-475A-B9E8-A2BDC0D6860F}"
EndProject
Global
	GlobalSection(SolutionConfigurationPlatforms) = preSolution
		Debug|Any CPU = Debug|Any CPU
		Release|Any CPU = Release|Any CPU
	EndGlobalSection
	GlobalSection(ProjectConfigurationPlatforms) = postSolution
		{C1DBF47B-1886-4744-8634-742764F28E77}.Debug|Any CPU.ActiveCfg = Debug|Any CPU
		{C1DBF47B-1886-4744-8634-742764F28E77}.Debug|Any CPU.Build.0 = Debug|Any CPU
		{C1DBF47B-1886-4744-8634-742764F28E77}.Release|Any CPU.ActiveCfg = Release|Any CPU
		{C1DBF47B-1886-4744-8634-742764F28E77}.Release|Any CPU.Build.0 = Release|Any CPU
		{A6DD12FA-EF9B-44EB-BF82-53290D94F998}.Debug|Any CPU.ActiveCfg = Debug|Any CPU
		{A6DD12FA-EF9B-44EB-BF82-53290D94F998}.Debug|Any CPU.Build.0 = Debug|Any CPU
		{A6DD12FA-EF9B-44EB-BF82-53290D94F998}.Release|Any CPU.ActiveCfg = Release|Any CPU
		{A6DD12FA-EF9B-44EB-BF82-53290D94F998}.Release|Any CPU.Build.0 = Release|Any CPU
		{3870D2EB-8EE4-475A-B9E8-A2BDC0D6860F}.Debug|Any CPU.ActiveCfg = Debug|Any CPU
		{3870D2EB-8EE4-475A-B9E8-A2BDC0D6860F}.Debug|Any CPU.Build.0 = Debug|Any CPU
		{3870D2EB-8EE4-475A-B9E8-A2BDC0D6860F}.Release|Any CPU.ActiveCfg = Release|Any CPU
		{3870D2EB-8EE4-475A-B9E8-A2BDC0D6860F}.Release|Any CPU.Build.0 = Release|Any CPU
	EndGlobalSection
	GlobalSection(SolutionProperties) = preSolution
		HideSolutionNode = FALSE
	EndGlobalSection
	GlobalSection(ExtensibilityGlobals) = postSolution
		SolutionGuid = {ECA0F295-A5AA-49DF-A8AE-EB62E0276874}
	EndGlobalSection
EndGlobal
